
Microsoft Visual Studio Solution File, Format Version 12.00
# Visual Studio 2013
VisualStudioVersion = 12.0.31101.0
MinimumVisualStudioVersion = 10.0.40219.1
Project("{FAE04EC0-301F-11D3-BF4B-00C04F79EFBC}") = "WTFToolkits", "WTFToolkits\WTFToolkits.csproj", "{366C8E6A-0EBE-4EB8-AA3D-FFFFC5167DA8}"
EndProject
Project("{FAE04EC0-301F-11D3-BF4B-00C04F79EFBC}") = "WTFToolkits.Popup", "WTFToolkits.Popup\WTFToolkits.Popup.csproj", "{3BB5BB4F-AAEE-4452-AD02-9275E7C39357}"
EndProject
Project("{FAE04EC0-301F-11D3-BF4B-00C04F79EFBC}") = "WTFToolkits.BindableBase", "WTFToolkits.BindableBase\WTFToolkits.BindableBase.csproj", "{EAC4AE02-A43B-4619-AA42-53823A3DE7CE}"
EndProject
Global
	GlobalSection(SolutionConfigurationPlatforms) = preSolution
		Debug|Any CPU = Debug|Any CPU
		Release|Any CPU = Release|Any CPU
	EndGlobalSection
	GlobalSection(ProjectConfigurationPlatforms) = postSolution
		{366C8E6A-0EBE-4EB8-AA3D-FFFFC5167DA8}.Debug|Any CPU.ActiveCfg = Debug|Any CPU
		{366C8E6A-0EBE-4EB8-AA3D-FFFFC5167DA8}.Debug|Any CPU.Build.0 = Debug|Any CPU
		{366C8E6A-0EBE-4EB8-AA3D-FFFFC5167DA8}.Release|Any CPU.ActiveCfg = Release|Any CPU
		{366C8E6A-0EBE-4EB8-AA3D-FFFFC5167DA8}.Release|Any CPU.Build.0 = Release|Any CPU
		{3BB5BB4F-AAEE-4452-AD02-9275E7C39357}.Debug|Any CPU.ActiveCfg = Debug|Any CPU
		{3BB5BB4F-AAEE-4452-AD02-9275E7C39357}.Debug|Any CPU.Build.0 = Debug|Any CPU
		{3BB5BB4F-AAEE-4452-AD02-9275E7C39357}.Release|Any CPU.ActiveCfg = Release|Any CPU
		{3BB5BB4F-AAEE-4452-AD02-9275E7C39357}.Release|Any CPU.Build.0 = Release|Any CPU
		{EAC4AE02-A43B-4619-AA42-53823A3DE7CE}.Debug|Any CPU.ActiveCfg = Debug|Any CPU
		{EAC4AE02-A43B-4619-AA42-53823A3DE7CE}.Debug|Any CPU.Build.0 = Debug|Any CPU
		{EAC4AE02-A43B-4619-AA42-53823A3DE7CE}.Release|Any CPU.ActiveCfg = Release|Any CPU
		{EAC4AE02-A43B-4619-AA42-53823A3DE7CE}.Release|Any CPU.Build.0 = Release|Any CPU
	EndGlobalSection
	GlobalSection(SolutionProperties) = preSolution
		HideSolutionNode = FALSE
	EndGlobalSection
EndGlobal
